
Microsoft Visual Studio Solution File, Format Version 12.00
# Visual Studio Version 17
VisualStudioVersion = 17.4.33110.190
MinimumVisualStudioVersion = 10.0.40219.1
Project("{FAE04EC0-301F-11D3-BF4B-00C04F79EFBC}") = "DGA_Task", "DGA_Task\DGA_Task.csproj", "{9E817533-655A-4EE9-A03C-DCB4F585A4CE}"
EndProject
Project("{FAE04EC0-301F-11D3-BF4B-00C04F79EFBC}") = "Data", "Data\Data.csproj", "{8234D985-89DF-4438-B4E1-32839DA504BE}"
EndProject
Project("{FAE04EC0-301F-11D3-BF4B-00C04F79EFBC}") = "Business Logic", "Business Logic\Business Logic.csproj", "{C009F654-BA1D-4099-9E03-99836D167672}"
EndProject
Global
	GlobalSection(SolutionConfigurationPlatforms) = preSolution
		Debug|Any CPU = Debug|Any CPU
		Release|Any CPU = Release|Any CPU
	EndGlobalSection
	GlobalSection(ProjectConfigurationPlatforms) = postSolution
		{9E817533-655A-4EE9-A03C-DCB4F585A4CE}.Debug|Any CPU.ActiveCfg = Debug|Any CPU
		{9E817533-655A-4EE9-A03C-DCB4F585A4CE}.Debug|Any CPU.Build.0 = Debug|Any CPU
		{9E817533-655A-4EE9-A03C-DCB4F585A4CE}.Release|Any CPU.ActiveCfg = Release|Any CPU
		{9E817533-655A-4EE9-A03C-DCB4F585A4CE}.Release|Any CPU.Build.0 = Release|Any CPU
		{8234D985-89DF-4438-B4E1-32839DA504BE}.Debug|Any CPU.ActiveCfg = Debug|Any CPU
		{8234D985-89DF-4438-B4E1-32839DA504BE}.Debug|Any CPU.Build.0 = Debug|Any CPU
		{8234D985-89DF-4438-B4E1-32839DA504BE}.Release|Any CPU.ActiveCfg = Release|Any CPU
		{8234D985-89DF-4438-B4E1-32839DA504BE}.Release|Any CPU.Build.0 = Release|Any CPU
		{C009F654-BA1D-4099-9E03-99836D167672}.Debug|Any CPU.ActiveCfg = Debug|Any CPU
		{C009F654-BA1D-4099-9E03-99836D167672}.Debug|Any CPU.Build.0 = Debug|Any CPU
		{C009F654-BA1D-4099-9E03-99836D167672}.Release|Any CPU.ActiveCfg = Release|Any CPU
		{C009F654-BA1D-4099-9E03-99836D167672}.Release|Any CPU.Build.0 = Release|Any CPU
	EndGlobalSection
	GlobalSection(SolutionProperties) = preSolution
		HideSolutionNode = FALSE
	EndGlobalSection
	GlobalSection(ExtensibilityGlobals) = postSolution
		SolutionGuid = {509703F8-4CC4-44B9-8CB7-BC39C9DCB873}
	EndGlobalSection
EndGlobal
